
Microsoft Visual Studio Solution File, Format Version 12.00
# Visual Studio 14
VisualStudioVersion = 14.0.25420.1
MinimumVisualStudioVersion = 10.0.40219.1
Project("{FAE04EC0-301F-11D3-BF4B-00C04F79EFBC}") = "StartupMenu", "StartupMenu\StartupMenu.csproj", "{E1E7DA2F-B0C5-42E1-9131-8EEB7EF2391D}"
EndProject
Project("{FAE04EC0-301F-11D3-BF4B-00C04F79EFBC}") = "Excel_Loader_Application", "..\C#_Excel_Loader\Excel_Loader_Application\Excel_Loader_Application\Excel_Loader_Application.csproj", "{758959DC-F2B7-4A89-B19E-487D8E865EFE}"
EndProject
Global
	GlobalSection(SolutionConfigurationPlatforms) = preSolution
		Debug|Any CPU = Debug|Any CPU
		Release|Any CPU = Release|Any CPU
	EndGlobalSection
	GlobalSection(ProjectConfigurationPlatforms) = postSolution
		{E1E7DA2F-B0C5-42E1-9131-8EEB7EF2391D}.Debug|Any CPU.ActiveCfg = Debug|Any CPU
		{E1E7DA2F-B0C5-42E1-9131-8EEB7EF2391D}.Debug|Any CPU.Build.0 = Debug|Any CPU
		{E1E7DA2F-B0C5-42E1-9131-8EEB7EF2391D}.Release|Any CPU.ActiveCfg = Release|Any CPU
		{E1E7DA2F-B0C5-42E1-9131-8EEB7EF2391D}.Release|Any CPU.Build.0 = Release|Any CPU
		{758959DC-F2B7-4A89-B19E-487D8E865EFE}.Debug|Any CPU.ActiveCfg = Debug|Any CPU
		{758959DC-F2B7-4A89-B19E-487D8E865EFE}.Debug|Any CPU.Build.0 = Debug|Any CPU
		{758959DC-F2B7-4A89-B19E-487D8E865EFE}.Release|Any CPU.ActiveCfg = Release|Any CPU
		{758959DC-F2B7-4A89-B19E-487D8E865EFE}.Release|Any CPU.Build.0 = Release|Any CPU
	EndGlobalSection
	GlobalSection(SolutionProperties) = preSolution
		HideSolutionNode = FALSE
	EndGlobalSection
EndGlobal
